
Microsoft Visual Studio Solution File, Format Version 12.00
# Visual Studio Version 17
VisualStudioVersion = 17.3.32901.215
MinimumVisualStudioVersion = 10.0.40219.1
Project("{FAE04EC0-301F-11D3-BF4B-00C04F79EFBC}") = "BackstoryDatabase", "BackstoryDatabase\BackstoryDatabase.csproj", "{3E69293C-D869-49BE-AD4E-F35AF914993C}"
EndProject
Global
	GlobalSection(SolutionConfigurationPlatforms) = preSolution
		Debug|Any CPU = Debug|Any CPU
		Release|Any CPU = Release|Any CPU
	EndGlobalSection
	GlobalSection(ProjectConfigurationPlatforms) = postSolution
		{3E69293C-D869-49BE-AD4E-F35AF914993C}.Debug|Any CPU.ActiveCfg = Debug|Any CPU
		{3E69293C-D869-49BE-AD4E-F35AF914993C}.Debug|Any CPU.Build.0 = Debug|Any CPU
		{3E69293C-D869-49BE-AD4E-F35AF914993C}.Release|Any CPU.ActiveCfg = Release|Any CPU
		{3E69293C-D869-49BE-AD4E-F35AF914993C}.Release|Any CPU.Build.0 = Release|Any CPU
	EndGlobalSection
	GlobalSection(SolutionProperties) = preSolution
		HideSolutionNode = FALSE
	EndGlobalSection
	GlobalSection(ExtensibilityGlobals) = postSolution
		SolutionGuid = {A89BBAFE-73FD-49B3-A138-DFD6BE76AC9F}
	EndGlobalSection
EndGlobal
